// !$*UTF8*$!
{
	archiveVersion = 1;
	classes = {
	};
	objectVersion = 56;
	objects = {

/* Begin PBXBuildFile section */
		DC0A99092BB4F0CD0052EED9 /* SettingViewController.swift in Sources */ = {isa = PBXBuildFile; fileRef = DC0A99082BB4F0CD0052EED9 /* SettingViewController.swift */; };
		DC0A990B2BB50CEB0052EED9 /* WebViewController.swift in Sources */ = {isa = PBXBuildFile; fileRef = DC0A990A2BB50CEB0052EED9 /* WebViewController.swift */; };
		DC0A990D2BB50E480052EED9 /* SettingItemConstant.swift in Sources */ = {isa = PBXBuildFile; fileRef = DC0A990C2BB50E480052EED9 /* SettingItemConstant.swift */; };
		DC416AA72B94299B004230CF /* AppDelegate.swift in Sources */ = {isa = PBXBuildFile; fileRef = DC416AA62B94299B004230CF /* AppDelegate.swift */; };
		DC416AA92B94299B004230CF /* SceneDelegate.swift in Sources */ = {isa = PBXBuildFile; fileRef = DC416AA82B94299B004230CF /* SceneDelegate.swift */; };
		DC416AAB2B94299B004230CF /* HomeViewController.swift in Sources */ = {isa = PBXBuildFile; fileRef = DC416AAA2B94299B004230CF /* HomeViewController.swift */; };
		DC416AB02B94299D004230CF /* Assets.xcassets in Resources */ = {isa = PBXBuildFile; fileRef = DC416AAF2B94299D004230CF /* Assets.xcassets */; };
		DC416AB32B94299D004230CF /* LaunchScreen.storyboard in Resources */ = {isa = PBXBuildFile; fileRef = DC416AB12B94299D004230CF /* LaunchScreen.storyboard */; };
		DC416ABC2B9429C6004230CF /* Kingfisher in Frameworks */ = {isa = PBXBuildFile; productRef = DC416ABB2B9429C6004230CF /* Kingfisher */; };
		DC416ABF2B9429D2004230CF /* SnapKit in Frameworks */ = {isa = PBXBuildFile; productRef = DC416ABE2B9429D2004230CF /* SnapKit */; };
		DC416AC22B942A3B004230CF /* RxSwift in Frameworks */ = {isa = PBXBuildFile; productRef = DC416AC12B942A3B004230CF /* RxSwift */; };
		DC416AC52B942A74004230CF /* RxAlamofire in Frameworks */ = {isa = PBXBuildFile; productRef = DC416AC42B942A74004230CF /* RxAlamofire */; };
		DC416AC92B942ACE004230CF /* BookNetwork.swift in Sources */ = {isa = PBXBuildFile; fileRef = DC416AC82B942ACE004230CF /* BookNetwork.swift */; };
		DC416ACB2B942AE9004230CF /* NetworkProvider.swift in Sources */ = {isa = PBXBuildFile; fileRef = DC416ACA2B942AE9004230CF /* NetworkProvider.swift */; };
		DC416AD22B942B4C004230CF /* BookAPIViewModel.swift in Sources */ = {isa = PBXBuildFile; fileRef = DC416AD12B942B4C004230CF /* BookAPIViewModel.swift */; };
		DC416AD52B945E85004230CF /* BookApi.swift in Sources */ = {isa = PBXBuildFile; fileRef = DC416AD42B945E85004230CF /* BookApi.swift */; };
		DC416AD72B945F24004230CF /* TabBarController.swift in Sources */ = {isa = PBXBuildFile; fileRef = DC416AD62B945F24004230CF /* TabBarController.swift */; };
		DC416ADA2B948302004230CF /* SearchViewController.swift in Sources */ = {isa = PBXBuildFile; fileRef = DC416AD92B948302004230CF /* SearchViewController.swift */; };
		DC416ADC2B9483AE004230CF /* MyPageViewController.swift in Sources */ = {isa = PBXBuildFile; fileRef = DC416ADB2B9483AE004230CF /* MyPageViewController.swift */; };
		DC416AE12B96B100004230CF /* SearchResultCollectionViewCell.swift in Sources */ = {isa = PBXBuildFile; fileRef = DC416AE02B96B100004230CF /* SearchResultCollectionViewCell.swift */; };
		DC416AEE2B9C40A6004230CF /* EditMemoViewController.swift in Sources */ = {isa = PBXBuildFile; fileRef = DC416AED2B9C40A6004230CF /* EditMemoViewController.swift */; };
		DC416AF22BA1A119004230CF /* Memo.swift in Sources */ = {isa = PBXBuildFile; fileRef = DC416AF12BA1A119004230CF /* Memo.swift */; };
		DCAE6A1F2BB88DD500E485AE /* UIColor+Extension.swift in Sources */ = {isa = PBXBuildFile; fileRef = DCAE6A1E2BB88DD500E485AE /* UIColor+Extension.swift */; };
		DCAE6A212BB8A1AB00E485AE /* CornerRadiusConstant.swift in Sources */ = {isa = PBXBuildFile; fileRef = DCAE6A202BB8A1AB00E485AE /* CornerRadiusConstant.swift */; };
		DCAE6A232BB8B2E500E485AE /* NavigationTitleConstant.swift in Sources */ = {isa = PBXBuildFile; fileRef = DCAE6A222BB8B2E500E485AE /* NavigationTitleConstant.swift */; };
		DCAE6A252BB8C47F00E485AE /* EmptyItemMessageConstant.swift in Sources */ = {isa = PBXBuildFile; fileRef = DCAE6A242BB8C47F00E485AE /* EmptyItemMessageConstant.swift */; };
		DCAE6A272BB8D8B500E485AE /* SettingItemTableViewCell.swift in Sources */ = {isa = PBXBuildFile; fileRef = DCAE6A262BB8D8B500E485AE /* SettingItemTableViewCell.swift */; };
		DCAE6A292BBD563000E485AE /* UserInfo.swift in Sources */ = {isa = PBXBuildFile; fileRef = DCAE6A282BBD563000E485AE /* UserInfo.swift */; };
		DCAE6A2B2BBD6BAE00E485AE /* UserInfoViewModel.swift in Sources */ = {isa = PBXBuildFile; fileRef = DCAE6A2A2BBD6BAE00E485AE /* UserInfoViewModel.swift */; };
		DCAE6A2D2BBE2B6900E485AE /* EditUserNickNameViewController.swift in Sources */ = {isa = PBXBuildFile; fileRef = DCAE6A2C2BBE2B6900E485AE /* EditUserNickNameViewController.swift */; };
		DCAE6A2F2BBE338400E485AE /* UserNickNameUpdateViewModel.swift in Sources */ = {isa = PBXBuildFile; fileRef = DCAE6A2E2BBE338400E485AE /* UserNickNameUpdateViewModel.swift */; };
		DCAE6A312BBFDE3B00E485AE /* UserNickNameGetViewModel.swift in Sources */ = {isa = PBXBuildFile; fileRef = DCAE6A302BBFDE3B00E485AE /* UserNickNameGetViewModel.swift */; };
		DCAE6A372BC3F3DB00E485AE /* WebKit.framework in Frameworks */ = {isa = PBXBuildFile; fileRef = DC0A990E2BB514150052EED9 /* WebKit.framework */; };
		DCAE6A5B2BD7D94F00E485AE /* LoginInstructionConst.swift in Sources */ = {isa = PBXBuildFile; fileRef = DCAE6A5A2BD7D94F00E485AE /* LoginInstructionConst.swift */; };
		DCAE6A5E2BD7E42C00E485AE /* UserInfoService.swift in Sources */ = {isa = PBXBuildFile; fileRef = DCAE6A5D2BD7E42C00E485AE /* UserInfoService.swift */; };
		DCAE6A602BD7E6F700E485AE /* UserInfoDB.swift in Sources */ = {isa = PBXBuildFile; fileRef = DCAE6A5F2BD7E6F700E485AE /* UserInfoDB.swift */; };
		DCAE6A622BD7EC8200E485AE /* ButtonConstant.swift in Sources */ = {isa = PBXBuildFile; fileRef = DCAE6A612BD7EC8200E485AE /* ButtonConstant.swift */; };
		DCAE6A642BD7EDAE00E485AE /* AlertMessageConstant.swift in Sources */ = {isa = PBXBuildFile; fileRef = DCAE6A632BD7EDAE00E485AE /* AlertMessageConstant.swift */; };
		DCAE6A662BD7F00500E485AE /* NicknameConstant.swift in Sources */ = {isa = PBXBuildFile; fileRef = DCAE6A652BD7F00500E485AE /* NicknameConstant.swift */; };
		DCAE6A682BD7F08900E485AE /* TabBarConstant.swift in Sources */ = {isa = PBXBuildFile; fileRef = DCAE6A672BD7F08900E485AE /* TabBarConstant.swift */; };
		DCBFD0962BEC6B2A0089EF2C /* CommunityGuideConstant.swift in Sources */ = {isa = PBXBuildFile; fileRef = DCBFD0952BEC6B2A0089EF2C /* CommunityGuideConstant.swift */; };
		DCCA45BA2BB8804100782135 /* UIFont+Extension.swift in Sources */ = {isa = PBXBuildFile; fileRef = DCCA45B92BB8804100782135 /* UIFont+Extension.swift */; };
		DCFBBC6B2BA2030200B58311 /* FirebaseAnalytics in Frameworks */ = {isa = PBXBuildFile; productRef = DCFBBC6A2BA2030200B58311 /* FirebaseAnalytics */; };
		DCFBBC6E2BA20E4700B58311 /* GoogleSignIn in Frameworks */ = {isa = PBXBuildFile; productRef = DCFBBC6D2BA20E4700B58311 /* GoogleSignIn */; };
		DCFBBC702BA20E4700B58311 /* GoogleSignInSwift in Frameworks */ = {isa = PBXBuildFile; productRef = DCFBBC6F2BA20E4700B58311 /* GoogleSignInSwift */; };
		DCFBBC742BA2153000B58311 /* GoogleService-Info.plist in Resources */ = {isa = PBXBuildFile; fileRef = DCFBBC732BA2153000B58311 /* GoogleService-Info.plist */; };
		DCFBBC762BA2EB2600B58311 /* FirebaseAuth in Frameworks */ = {isa = PBXBuildFile; productRef = DCFBBC752BA2EB2600B58311 /* FirebaseAuth */; };
		DCFBBC782BA2ECCB00B58311 /* LoginViewModel.swift in Sources */ = {isa = PBXBuildFile; fileRef = DCFBBC772BA2ECCB00B58311 /* LoginViewModel.swift */; };
		DCFBBC7A2BA3431000B58311 /* LoginViewController.swift in Sources */ = {isa = PBXBuildFile; fileRef = DCFBBC792BA3431000B58311 /* LoginViewController.swift */; };
		DCFBBC882BAF0DB800B58311 /* MemoService.swift in Sources */ = {isa = PBXBuildFile; fileRef = DCFBBC872BAF0DB800B58311 /* MemoService.swift */; };
		DCFBBC8C2BAF0EA400B58311 /* MemoCreateViewModel.swift in Sources */ = {isa = PBXBuildFile; fileRef = DCFBBC8B2BAF0EA400B58311 /* MemoCreateViewModel.swift */; };
		DCFBBC8E2BAF180000B58311 /* FirebaseFirestore in Frameworks */ = {isa = PBXBuildFile; productRef = DCFBBC8D2BAF180000B58311 /* FirebaseFirestore */; };
		DCFBBC932BAFD6C500B58311 /* DateFormatManager.swift in Sources */ = {isa = PBXBuildFile; fileRef = DCFBBC922BAFD6C500B58311 /* DateFormatManager.swift */; };
		DCFBBC952BB15FE100B58311 /* Book.swift in Sources */ = {isa = PBXBuildFile; fileRef = DCFBBC942BB15FE100B58311 /* Book.swift */; };
		DCFBBC972BB1935C00B58311 /* FirebaseFirestoreSwift in Frameworks */ = {isa = PBXBuildFile; productRef = DCFBBC962BB1935C00B58311 /* FirebaseFirestoreSwift */; };
		DCFBBC9B2BB1E59200B58311 /* MemoListViewModel.swift in Sources */ = {isa = PBXBuildFile; fileRef = DCFBBC9A2BB1E59200B58311 /* MemoListViewModel.swift */; };
		DCFBBC9D2BB20FCB00B58311 /* SectionItemConstant.swift in Sources */ = {isa = PBXBuildFile; fileRef = DCFBBC9C2BB20FCB00B58311 /* SectionItemConstant.swift */; };
		DCFBBC9F2BB2106800B58311 /* HomeMemoCollectionViewCell.swift in Sources */ = {isa = PBXBuildFile; fileRef = DCFBBC9E2BB2106800B58311 /* HomeMemoCollectionViewCell.swift */; };
		DCFBBCA12BB210B300B58311 /* MemoDB.swift in Sources */ = {isa = PBXBuildFile; fileRef = DCFBBCA02BB210B300B58311 /* MemoDB.swift */; };
		DCFBBCA32BB2157D00B58311 /* MemoTextViewConstant.swift in Sources */ = {isa = PBXBuildFile; fileRef = DCFBBCA22BB2157D00B58311 /* MemoTextViewConstant.swift */; };
		DCFBBCA52BB36F4F00B58311 /* UserMemoCollectionViewCell.swift in Sources */ = {isa = PBXBuildFile; fileRef = DCFBBCA42BB36F4E00B58311 /* UserMemoCollectionViewCell.swift */; };
		DCFBBCA72BB370F800B58311 /* UserMemoListViewModel.swift in Sources */ = {isa = PBXBuildFile; fileRef = DCFBBCA62BB370F800B58311 /* UserMemoListViewModel.swift */; };
		DCFBBCA92BB4514000B58311 /* MemoDetailViewController.swift in Sources */ = {isa = PBXBuildFile; fileRef = DCFBBCA82BB4514000B58311 /* MemoDetailViewController.swift */; };
		DCFBBCAB2BB460B700B58311 /* MemoDeleteViewModel.swift in Sources */ = {isa = PBXBuildFile; fileRef = DCFBBCAA2BB460B700B58311 /* MemoDeleteViewModel.swift */; };
		DCFBBCAD2BB47DE100B58311 /* MemoUpdateViewModel.swift in Sources */ = {isa = PBXBuildFile; fileRef = DCFBBCAC2BB47DE100B58311 /* MemoUpdateViewModel.swift */; };
/* End PBXBuildFile section */

/* Begin PBXFileReference section */
		DC0A99082BB4F0CD0052EED9 /* SettingViewController.swift */ = {isa = PBXFileReference; lastKnownFileType = sourcecode.swift; path = SettingViewController.swift; sourceTree = "<group>"; };
		DC0A990A2BB50CEB0052EED9 /* WebViewController.swift */ = {isa = PBXFileReference; lastKnownFileType = sourcecode.swift; path = WebViewController.swift; sourceTree = "<group>"; };
		DC0A990C2BB50E480052EED9 /* SettingItemConstant.swift */ = {isa = PBXFileReference; lastKnownFileType = sourcecode.swift; path = SettingItemConstant.swift; sourceTree = "<group>"; };
		DC0A990E2BB514150052EED9 /* WebKit.framework */ = {isa = PBXFileReference; lastKnownFileType = wrapper.framework; name = WebKit.framework; path = System/Library/Frameworks/WebKit.framework; sourceTree = SDKROOT; };
		DC416AA32B94299B004230CF /* Boopee.app */ = {isa = PBXFileReference; explicitFileType = wrapper.application; includeInIndex = 0; path = Boopee.app; sourceTree = BUILT_PRODUCTS_DIR; };
		DC416AA62B94299B004230CF /* AppDelegate.swift */ = {isa = PBXFileReference; lastKnownFileType = sourcecode.swift; path = AppDelegate.swift; sourceTree = "<group>"; };
		DC416AA82B94299B004230CF /* SceneDelegate.swift */ = {isa = PBXFileReference; lastKnownFileType = sourcecode.swift; path = SceneDelegate.swift; sourceTree = "<group>"; };
		DC416AAA2B94299B004230CF /* HomeViewController.swift */ = {isa = PBXFileReference; lastKnownFileType = sourcecode.swift; path = HomeViewController.swift; sourceTree = "<group>"; };
		DC416AAF2B94299D004230CF /* Assets.xcassets */ = {isa = PBXFileReference; lastKnownFileType = folder.assetcatalog; path = Assets.xcassets; sourceTree = "<group>"; };
		DC416AB22B94299D004230CF /* Base */ = {isa = PBXFileReference; lastKnownFileType = file.storyboard; name = Base; path = Base.lproj/LaunchScreen.storyboard; sourceTree = "<group>"; };
		DC416AB42B94299D004230CF /* Info.plist */ = {isa = PBXFileReference; lastKnownFileType = text.plist.xml; path = Info.plist; sourceTree = "<group>"; };
		DC416AC82B942ACE004230CF /* BookNetwork.swift */ = {isa = PBXFileReference; lastKnownFileType = sourcecode.swift; path = BookNetwork.swift; sourceTree = "<group>"; };
		DC416ACA2B942AE9004230CF /* NetworkProvider.swift */ = {isa = PBXFileReference; lastKnownFileType = sourcecode.swift; path = NetworkProvider.swift; sourceTree = "<group>"; };
		DC416AD12B942B4C004230CF /* BookAPIViewModel.swift */ = {isa = PBXFileReference; lastKnownFileType = sourcecode.swift; path = BookAPIViewModel.swift; sourceTree = "<group>"; };
		DC416AD32B942D5D004230CF /* Config.xcconfig */ = {isa = PBXFileReference; lastKnownFileType = text.xcconfig; path = Config.xcconfig; sourceTree = "<group>"; };
		DC416AD42B945E85004230CF /* BookApi.swift */ = {isa = PBXFileReference; lastKnownFileType = sourcecode.swift; path = BookApi.swift; sourceTree = "<group>"; };
		DC416AD62B945F24004230CF /* TabBarController.swift */ = {isa = PBXFileReference; lastKnownFileType = sourcecode.swift; path = TabBarController.swift; sourceTree = "<group>"; };
		DC416AD92B948302004230CF /* SearchViewController.swift */ = {isa = PBXFileReference; lastKnownFileType = sourcecode.swift; path = SearchViewController.swift; sourceTree = "<group>"; };
		DC416ADB2B9483AE004230CF /* MyPageViewController.swift */ = {isa = PBXFileReference; lastKnownFileType = sourcecode.swift; path = MyPageViewController.swift; sourceTree = "<group>"; };
		DC416AE02B96B100004230CF /* SearchResultCollectionViewCell.swift */ = {isa = PBXFileReference; lastKnownFileType = sourcecode.swift; path = SearchResultCollectionViewCell.swift; sourceTree = "<group>"; };
		DC416AED2B9C40A6004230CF /* EditMemoViewController.swift */ = {isa = PBXFileReference; lastKnownFileType = sourcecode.swift; path = EditMemoViewController.swift; sourceTree = "<group>"; };
		DC416AF12BA1A119004230CF /* Memo.swift */ = {isa = PBXFileReference; lastKnownFileType = sourcecode.swift; path = Memo.swift; sourceTree = "<group>"; };
		DCAE6A1E2BB88DD500E485AE /* UIColor+Extension.swift */ = {isa = PBXFileReference; lastKnownFileType = sourcecode.swift; path = "UIColor+Extension.swift"; sourceTree = "<group>"; };
		DCAE6A202BB8A1AB00E485AE /* CornerRadiusConstant.swift */ = {isa = PBXFileReference; lastKnownFileType = sourcecode.swift; path = CornerRadiusConstant.swift; sourceTree = "<group>"; };
		DCAE6A222BB8B2E500E485AE /* NavigationTitleConstant.swift */ = {isa = PBXFileReference; lastKnownFileType = sourcecode.swift; path = NavigationTitleConstant.swift; sourceTree = "<group>"; };
		DCAE6A242BB8C47F00E485AE /* EmptyItemMessageConstant.swift */ = {isa = PBXFileReference; lastKnownFileType = sourcecode.swift; path = EmptyItemMessageConstant.swift; sourceTree = "<group>"; };
		DCAE6A262BB8D8B500E485AE /* SettingItemTableViewCell.swift */ = {isa = PBXFileReference; lastKnownFileType = sourcecode.swift; path = SettingItemTableViewCell.swift; sourceTree = "<group>"; };
		DCAE6A282BBD563000E485AE /* UserInfo.swift */ = {isa = PBXFileReference; lastKnownFileType = sourcecode.swift; path = UserInfo.swift; sourceTree = "<group>"; };
		DCAE6A2A2BBD6BAE00E485AE /* UserInfoViewModel.swift */ = {isa = PBXFileReference; lastKnownFileType = sourcecode.swift; path = UserInfoViewModel.swift; sourceTree = "<group>"; };
		DCAE6A2C2BBE2B6900E485AE /* EditUserNickNameViewController.swift */ = {isa = PBXFileReference; lastKnownFileType = sourcecode.swift; path = EditUserNickNameViewController.swift; sourceTree = "<group>"; };
		DCAE6A2E2BBE338400E485AE /* UserNickNameUpdateViewModel.swift */ = {isa = PBXFileReference; lastKnownFileType = sourcecode.swift; path = UserNickNameUpdateViewModel.swift; sourceTree = "<group>"; };
		DCAE6A302BBFDE3B00E485AE /* UserNickNameGetViewModel.swift */ = {isa = PBXFileReference; lastKnownFileType = sourcecode.swift; path = UserNickNameGetViewModel.swift; sourceTree = "<group>"; };
		DCAE6A5A2BD7D94F00E485AE /* LoginInstructionConst.swift */ = {isa = PBXFileReference; lastKnownFileType = sourcecode.swift; path = LoginInstructionConst.swift; sourceTree = "<group>"; };
		DCAE6A5D2BD7E42C00E485AE /* UserInfoService.swift */ = {isa = PBXFileReference; lastKnownFileType = sourcecode.swift; path = UserInfoService.swift; sourceTree = "<group>"; };
		DCAE6A5F2BD7E6F700E485AE /* UserInfoDB.swift */ = {isa = PBXFileReference; lastKnownFileType = sourcecode.swift; path = UserInfoDB.swift; sourceTree = "<group>"; };
		DCAE6A612BD7EC8200E485AE /* ButtonConstant.swift */ = {isa = PBXFileReference; lastKnownFileType = sourcecode.swift; path = ButtonConstant.swift; sourceTree = "<group>"; };
		DCAE6A632BD7EDAE00E485AE /* AlertMessageConstant.swift */ = {isa = PBXFileReference; lastKnownFileType = sourcecode.swift; path = AlertMessageConstant.swift; sourceTree = "<group>"; };
		DCAE6A652BD7F00500E485AE /* NicknameConstant.swift */ = {isa = PBXFileReference; lastKnownFileType = sourcecode.swift; path = NicknameConstant.swift; sourceTree = "<group>"; };
		DCAE6A672BD7F08900E485AE /* TabBarConstant.swift */ = {isa = PBXFileReference; lastKnownFileType = sourcecode.swift; path = TabBarConstant.swift; sourceTree = "<group>"; };
		DCBFD0952BEC6B2A0089EF2C /* CommunityGuideConstant.swift */ = {isa = PBXFileReference; lastKnownFileType = sourcecode.swift; path = CommunityGuideConstant.swift; sourceTree = "<group>"; };
		DCCA45B92BB8804100782135 /* UIFont+Extension.swift */ = {isa = PBXFileReference; lastKnownFileType = sourcecode.swift; path = "UIFont+Extension.swift"; sourceTree = "<group>"; };
		DCFBBC732BA2153000B58311 /* GoogleService-Info.plist */ = {isa = PBXFileReference; fileEncoding = 4; lastKnownFileType = text.plist.xml; path = "GoogleService-Info.plist"; sourceTree = "<group>"; };
		DCFBBC772BA2ECCB00B58311 /* LoginViewModel.swift */ = {isa = PBXFileReference; lastKnownFileType = sourcecode.swift; path = LoginViewModel.swift; sourceTree = "<group>"; };
		DCFBBC792BA3431000B58311 /* LoginViewController.swift */ = {isa = PBXFileReference; lastKnownFileType = sourcecode.swift; path = LoginViewController.swift; sourceTree = "<group>"; };
		DCFBBC872BAF0DB800B58311 /* MemoService.swift */ = {isa = PBXFileReference; lastKnownFileType = sourcecode.swift; path = MemoService.swift; sourceTree = "<group>"; };
		DCFBBC8B2BAF0EA400B58311 /* MemoCreateViewModel.swift */ = {isa = PBXFileReference; lastKnownFileType = sourcecode.swift; path = MemoCreateViewModel.swift; sourceTree = "<group>"; };
		DCFBBC922BAFD6C500B58311 /* DateFormatManager.swift */ = {isa = PBXFileReference; lastKnownFileType = sourcecode.swift; path = DateFormatManager.swift; sourceTree = "<group>"; };
		DCFBBC942BB15FE100B58311 /* Book.swift */ = {isa = PBXFileReference; lastKnownFileType = sourcecode.swift; path = Book.swift; sourceTree = "<group>"; };
		DCFBBC9A2BB1E59200B58311 /* MemoListViewModel.swift */ = {isa = PBXFileReference; lastKnownFileType = sourcecode.swift; path = MemoListViewModel.swift; sourceTree = "<group>"; };
		DCFBBC9C2BB20FCB00B58311 /* SectionItemConstant.swift */ = {isa = PBXFileReference; lastKnownFileType = sourcecode.swift; path = SectionItemConstant.swift; sourceTree = "<group>"; };
		DCFBBC9E2BB2106800B58311 /* HomeMemoCollectionViewCell.swift */ = {isa = PBXFileReference; lastKnownFileType = sourcecode.swift; path = HomeMemoCollectionViewCell.swift; sourceTree = "<group>"; };
		DCFBBCA02BB210B300B58311 /* MemoDB.swift */ = {isa = PBXFileReference; lastKnownFileType = sourcecode.swift; path = MemoDB.swift; sourceTree = "<group>"; };
		DCFBBCA22BB2157D00B58311 /* MemoTextViewConstant.swift */ = {isa = PBXFileReference; lastKnownFileType = sourcecode.swift; path = MemoTextViewConstant.swift; sourceTree = "<group>"; };
		DCFBBCA42BB36F4E00B58311 /* UserMemoCollectionViewCell.swift */ = {isa = PBXFileReference; lastKnownFileType = sourcecode.swift; path = UserMemoCollectionViewCell.swift; sourceTree = "<group>"; };
		DCFBBCA62BB370F800B58311 /* UserMemoListViewModel.swift */ = {isa = PBXFileReference; lastKnownFileType = sourcecode.swift; path = UserMemoListViewModel.swift; sourceTree = "<group>"; };
		DCFBBCA82BB4514000B58311 /* MemoDetailViewController.swift */ = {isa = PBXFileReference; lastKnownFileType = sourcecode.swift; path = MemoDetailViewController.swift; sourceTree = "<group>"; };
		DCFBBCAA2BB460B700B58311 /* MemoDeleteViewModel.swift */ = {isa = PBXFileReference; lastKnownFileType = sourcecode.swift; path = MemoDeleteViewModel.swift; sourceTree = "<group>"; };
		DCFBBCAC2BB47DE100B58311 /* MemoUpdateViewModel.swift */ = {isa = PBXFileReference; lastKnownFileType = sourcecode.swift; path = MemoUpdateViewModel.swift; sourceTree = "<group>"; };
/* End PBXFileReference section */

/* Begin PBXFrameworksBuildPhase section */
		DC416AA02B94299B004230CF /* Frameworks */ = {
			isa = PBXFrameworksBuildPhase;
			buildActionMask = 2147483647;
			files = (
				DC416AC22B942A3B004230CF /* RxSwift in Frameworks */,
				DC416AC52B942A74004230CF /* RxAlamofire in Frameworks */,
				DCFBBC702BA20E4700B58311 /* GoogleSignInSwift in Frameworks */,
				DC416ABC2B9429C6004230CF /* Kingfisher in Frameworks */,
				DCFBBC6B2BA2030200B58311 /* FirebaseAnalytics in Frameworks */,
				DCFBBC972BB1935C00B58311 /* FirebaseFirestoreSwift in Frameworks */,
				DCFBBC8E2BAF180000B58311 /* FirebaseFirestore in Frameworks */,
				DC416ABF2B9429D2004230CF /* SnapKit in Frameworks */,
				DCFBBC6E2BA20E4700B58311 /* GoogleSignIn in Frameworks */,
				DCFBBC762BA2EB2600B58311 /* FirebaseAuth in Frameworks */,
				DCAE6A372BC3F3DB00E485AE /* WebKit.framework in Frameworks */,
			);
			runOnlyForDeploymentPostprocessing = 0;
		};
/* End PBXFrameworksBuildPhase section */

/* Begin PBXGroup section */
		DC416A9A2B94299B004230CF = {
			isa = PBXGroup;
			children = (
				DC416AA52B94299B004230CF /* Boopee */,
				DC416AA42B94299B004230CF /* Products */,
				DC416AE62B99C129004230CF /* Frameworks */,
			);
			sourceTree = "<group>";
		};
		DC416AA42B94299B004230CF /* Products */ = {
			isa = PBXGroup;
			children = (
				DC416AA32B94299B004230CF /* Boopee.app */,
			);
			name = Products;
			sourceTree = "<group>";
		};
		DC416AA52B94299B004230CF /* Boopee */ = {
			isa = PBXGroup;
			children = (
				DC416ADD2B96B07C004230CF /* ViewController */,
				DC416ADE2B96B089004230CF /* ViewModel */,
				DC416ACE2B942B11004230CF /* Model */,
				DCFBBC572BA1D9F700B58311 /* Service */,
				DC416AC72B942AC1004230CF /* Network */,
				DCFBBC8F2BAFD65C00B58311 /* Util */,
				DC416AD82B9482A0004230CF /* App */,
				DCAE6A5C2BD7E22300E485AE /* Resource */,
				DC416AD32B942D5D004230CF /* Config.xcconfig */,
				DC416AB42B94299D004230CF /* Info.plist */,
				DCFBBC732BA2153000B58311 /* GoogleService-Info.plist */,
			);
			path = Boopee;
			sourceTree = "<group>";
		};
		DC416AC72B942AC1004230CF /* Network */ = {
			isa = PBXGroup;
			children = (
				DC416AC82B942ACE004230CF /* BookNetwork.swift */,
				DC416ACA2B942AE9004230CF /* NetworkProvider.swift */,
				DCFBBC852BAE5ACC00B58311 /* Entity */,
			);
			path = Network;
			sourceTree = "<group>";
		};
		DC416ACE2B942B11004230CF /* Model */ = {
			isa = PBXGroup;
			children = (
				DCFBBC942BB15FE100B58311 /* Book.swift */,
				DC416AF12BA1A119004230CF /* Memo.swift */,
				DCAE6A282BBD563000E485AE /* UserInfo.swift */,
			);
			path = Model;
			sourceTree = "<group>";
		};
		DC416AD82B9482A0004230CF /* App */ = {
			isa = PBXGroup;
			children = (
				DC416AA62B94299B004230CF /* AppDelegate.swift */,
				DC416AA82B94299B004230CF /* SceneDelegate.swift */,
			);
			path = App;
			sourceTree = "<group>";
		};
		DC416ADD2B96B07C004230CF /* ViewController */ = {
			isa = PBXGroup;
			children = (
				DC416AAA2B94299B004230CF /* HomeViewController.swift */,
				DC416AD92B948302004230CF /* SearchViewController.swift */,
				DC416AED2B9C40A6004230CF /* EditMemoViewController.swift */,
				DC416ADB2B9483AE004230CF /* MyPageViewController.swift */,
				DCFBBCA82BB4514000B58311 /* MemoDetailViewController.swift */,
				DCFBBC792BA3431000B58311 /* LoginViewController.swift */,
				DC0A99082BB4F0CD0052EED9 /* SettingViewController.swift */,
				DCAE6A2C2BBE2B6900E485AE /* EditUserNickNameViewController.swift */,
				DC416AD62B945F24004230CF /* TabBarController.swift */,
				DC0A990A2BB50CEB0052EED9 /* WebViewController.swift */,
				DC416ADF2B96B0A0004230CF /* Cell */,
			);
			path = ViewController;
			sourceTree = "<group>";
		};
		DC416ADE2B96B089004230CF /* ViewModel */ = {
			isa = PBXGroup;
			children = (
				DC416AD12B942B4C004230CF /* BookAPIViewModel.swift */,
				DCFBBC8B2BAF0EA400B58311 /* MemoCreateViewModel.swift */,
				DCFBBCAC2BB47DE100B58311 /* MemoUpdateViewModel.swift */,
				DCFBBCAA2BB460B700B58311 /* MemoDeleteViewModel.swift */,
				DCFBBC9A2BB1E59200B58311 /* MemoListViewModel.swift */,
				DCFBBCA62BB370F800B58311 /* UserMemoListViewModel.swift */,
				DCAE6A2A2BBD6BAE00E485AE /* UserInfoViewModel.swift */,
				DCAE6A2E2BBE338400E485AE /* UserNickNameUpdateViewModel.swift */,
				DCAE6A302BBFDE3B00E485AE /* UserNickNameGetViewModel.swift */,
				DCFBBC772BA2ECCB00B58311 /* LoginViewModel.swift */,
			);
			path = ViewModel;
			sourceTree = "<group>";
		};
		DC416ADF2B96B0A0004230CF /* Cell */ = {
			isa = PBXGroup;
			children = (
				DC416AE02B96B100004230CF /* SearchResultCollectionViewCell.swift */,
				DCFBBC9E2BB2106800B58311 /* HomeMemoCollectionViewCell.swift */,
				DCFBBCA42BB36F4E00B58311 /* UserMemoCollectionViewCell.swift */,
				DCAE6A262BB8D8B500E485AE /* SettingItemTableViewCell.swift */,
			);
			path = Cell;
			sourceTree = "<group>";
		};
		DC416AE62B99C129004230CF /* Frameworks */ = {
			isa = PBXGroup;
			children = (
				DC0A990E2BB514150052EED9 /* WebKit.framework */,
			);
			name = Frameworks;
			sourceTree = "<group>";
		};
		DCAE6A5C2BD7E22300E485AE /* Resource */ = {
			isa = PBXGroup;
			children = (
				DC416AAF2B94299D004230CF /* Assets.xcassets */,
				DC416AB12B94299D004230CF /* LaunchScreen.storyboard */,
			);
			path = Resource;
			sourceTree = "<group>";
		};
		DCCA45B82BB87FD700782135 /* Extension */ = {
			isa = PBXGroup;
			children = (
				DCCA45B92BB8804100782135 /* UIFont+Extension.swift */,
				DCAE6A1E2BB88DD500E485AE /* UIColor+Extension.swift */,
			);
			path = Extension;
			sourceTree = "<group>";
		};
		DCFBBC572BA1D9F700B58311 /* Service */ = {
			isa = PBXGroup;
			children = (
				DCFBBC872BAF0DB800B58311 /* MemoService.swift */,
				DCAE6A5D2BD7E42C00E485AE /* UserInfoService.swift */,
				DCFBBC862BAF0BE300B58311 /* Entity */,
			);
			path = Service;
			sourceTree = "<group>";
		};
		DCFBBC852BAE5ACC00B58311 /* Entity */ = {
			isa = PBXGroup;
			children = (
				DC416AD42B945E85004230CF /* BookApi.swift */,
			);
			path = Entity;
			sourceTree = "<group>";
		};
		DCFBBC862BAF0BE300B58311 /* Entity */ = {
			isa = PBXGroup;
			children = (
				DCFBBCA02BB210B300B58311 /* MemoDB.swift */,
				DCAE6A5F2BD7E6F700E485AE /* UserInfoDB.swift */,
			);
			path = Entity;
			sourceTree = "<group>";
		};
		DCFBBC8F2BAFD65C00B58311 /* Util */ = {
			isa = PBXGroup;
			children = (
				DCFBBC902BAFD67400B58311 /* Constant */,
				DCCA45B82BB87FD700782135 /* Extension */,
				DCFBBC912BAFD68100B58311 /* Service */,
			);
			path = Util;
			sourceTree = "<group>";
		};
		DCFBBC902BAFD67400B58311 /* Constant */ = {
			isa = PBXGroup;
			children = (
				DCFBBC9C2BB20FCB00B58311 /* SectionItemConstant.swift */,
				DCAE6A5A2BD7D94F00E485AE /* LoginInstructionConst.swift */,
				DCFBBCA22BB2157D00B58311 /* MemoTextViewConstant.swift */,
				DC0A990C2BB50E480052EED9 /* SettingItemConstant.swift */,
				DCAE6A202BB8A1AB00E485AE /* CornerRadiusConstant.swift */,
				DCAE6A222BB8B2E500E485AE /* NavigationTitleConstant.swift */,
				DCAE6A242BB8C47F00E485AE /* EmptyItemMessageConstant.swift */,
				DCAE6A612BD7EC8200E485AE /* ButtonConstant.swift */,
				DCAE6A632BD7EDAE00E485AE /* AlertMessageConstant.swift */,
				DCAE6A652BD7F00500E485AE /* NicknameConstant.swift */,
				DCAE6A672BD7F08900E485AE /* TabBarConstant.swift */,
				DCBFD0952BEC6B2A0089EF2C /* CommunityGuideConstant.swift */,
			);
			path = Constant;
			sourceTree = "<group>";
		};
		DCFBBC912BAFD68100B58311 /* Service */ = {
			isa = PBXGroup;
			children = (
				DCFBBC922BAFD6C500B58311 /* DateFormatManager.swift */,
			);
			path = Service;
			sourceTree = "<group>";
		};
/* End PBXGroup section */

/* Begin PBXNativeTarget section */
		DC416AA22B94299B004230CF /* Boopee */ = {
			isa = PBXNativeTarget;
			buildConfigurationList = DC416AB72B94299D004230CF /* Build configuration list for PBXNativeTarget "Boopee" */;
			buildPhases = (
				DC416A9F2B94299B004230CF /* Sources */,
				DC416AA02B94299B004230CF /* Frameworks */,
				DC416AA12B94299B004230CF /* Resources */,
			);
			buildRules = (
			);
			dependencies = (
			);
			name = Boopee;
			packageProductDependencies = (
				DC416ABB2B9429C6004230CF /* Kingfisher */,
				DC416ABE2B9429D2004230CF /* SnapKit */,
				DC416AC12B942A3B004230CF /* RxSwift */,
				DC416AC42B942A74004230CF /* RxAlamofire */,
				DCFBBC6A2BA2030200B58311 /* FirebaseAnalytics */,
				DCFBBC6D2BA20E4700B58311 /* GoogleSignIn */,
				DCFBBC6F2BA20E4700B58311 /* GoogleSignInSwift */,
				DCFBBC752BA2EB2600B58311 /* FirebaseAuth */,
				DCFBBC8D2BAF180000B58311 /* FirebaseFirestore */,
				DCFBBC962BB1935C00B58311 /* FirebaseFirestoreSwift */,
			);
			productName = Boopee;
			productReference = DC416AA32B94299B004230CF /* Boopee.app */;
			productType = "com.apple.product-type.application";
		};
/* End PBXNativeTarget section */

/* Begin PBXProject section */
		DC416A9B2B94299B004230CF /* Project object */ = {
			isa = PBXProject;
			attributes = {
				BuildIndependentTargetsInParallel = 1;
				LastSwiftUpdateCheck = 1500;
				LastUpgradeCheck = 1500;
				TargetAttributes = {
					DC416AA22B94299B004230CF = {
						CreatedOnToolsVersion = 15.0;
					};
				};
			};
			buildConfigurationList = DC416A9E2B94299B004230CF /* Build configuration list for PBXProject "Boopee" */;
			compatibilityVersion = "Xcode 14.0";
			developmentRegion = en;
			hasScannedForEncodings = 0;
			knownRegions = (
				en,
				Base,
			);
			mainGroup = DC416A9A2B94299B004230CF;
			packageReferences = (
				DC416ABA2B9429C6004230CF /* XCRemoteSwiftPackageReference "Kingfisher" */,
				DC416ABD2B9429D2004230CF /* XCRemoteSwiftPackageReference "SnapKit" */,
				DC416AC02B942A3B004230CF /* XCRemoteSwiftPackageReference "RxSwift" */,
				DC416AC32B942A74004230CF /* XCRemoteSwiftPackageReference "RxAlamofire" */,
				DCFBBC692BA2030200B58311 /* XCRemoteSwiftPackageReference "firebase-ios-sdk" */,
				DCFBBC6C2BA20E4700B58311 /* XCRemoteSwiftPackageReference "GoogleSignIn-iOS" */,
			);
			productRefGroup = DC416AA42B94299B004230CF /* Products */;
			projectDirPath = "";
			projectRoot = "";
			targets = (
				DC416AA22B94299B004230CF /* Boopee */,
			);
		};
/* End PBXProject section */

/* Begin PBXResourcesBuildPhase section */
		DC416AA12B94299B004230CF /* Resources */ = {
			isa = PBXResourcesBuildPhase;
			buildActionMask = 2147483647;
			files = (
				DC416AB32B94299D004230CF /* LaunchScreen.storyboard in Resources */,
				DC416AB02B94299D004230CF /* Assets.xcassets in Resources */,
				DCFBBC742BA2153000B58311 /* GoogleService-Info.plist in Resources */,
			);
			runOnlyForDeploymentPostprocessing = 0;
		};
/* End PBXResourcesBuildPhase section */

/* Begin PBXSourcesBuildPhase section */
		DC416A9F2B94299B004230CF /* Sources */ = {
			isa = PBXSourcesBuildPhase;
			buildActionMask = 2147483647;
			files = (
				DCAE6A662BD7F00500E485AE /* NicknameConstant.swift in Sources */,
				DCFBBCA52BB36F4F00B58311 /* UserMemoCollectionViewCell.swift in Sources */,
				DCAE6A272BB8D8B500E485AE /* SettingItemTableViewCell.swift in Sources */,
				DC0A990B2BB50CEB0052EED9 /* WebViewController.swift in Sources */,
				DCFBBCA12BB210B300B58311 /* MemoDB.swift in Sources */,
				DCAE6A1F2BB88DD500E485AE /* UIColor+Extension.swift in Sources */,
				DCAE6A622BD7EC8200E485AE /* ButtonConstant.swift in Sources */,
				DCBFD0962BEC6B2A0089EF2C /* CommunityGuideConstant.swift in Sources */,
				DC416ADA2B948302004230CF /* SearchViewController.swift in Sources */,
				DC416AAB2B94299B004230CF /* HomeViewController.swift in Sources */,
				DCFBBC9F2BB2106800B58311 /* HomeMemoCollectionViewCell.swift in Sources */,
				DCAE6A2F2BBE338400E485AE /* UserNickNameUpdateViewModel.swift in Sources */,
				DC416AA72B94299B004230CF /* AppDelegate.swift in Sources */,
				DCFBBC882BAF0DB800B58311 /* MemoService.swift in Sources */,
				DCAE6A642BD7EDAE00E485AE /* AlertMessageConstant.swift in Sources */,
				DC416AC92B942ACE004230CF /* BookNetwork.swift in Sources */,
				DC416AD72B945F24004230CF /* TabBarController.swift in Sources */,
				DC416AA92B94299B004230CF /* SceneDelegate.swift in Sources */,
				DCFBBC9D2BB20FCB00B58311 /* SectionItemConstant.swift in Sources */,
				DCFBBC782BA2ECCB00B58311 /* LoginViewModel.swift in Sources */,
				DC416ADC2B9483AE004230CF /* MyPageViewController.swift in Sources */,
				DCAE6A312BBFDE3B00E485AE /* UserNickNameGetViewModel.swift in Sources */,
				DC416AE12B96B100004230CF /* SearchResultCollectionViewCell.swift in Sources */,
				DCAE6A2B2BBD6BAE00E485AE /* UserInfoViewModel.swift in Sources */,
				DCFBBC8C2BAF0EA400B58311 /* MemoCreateViewModel.swift in Sources */,
				DCFBBCAD2BB47DE100B58311 /* MemoUpdateViewModel.swift in Sources */,
				DCAE6A2D2BBE2B6900E485AE /* EditUserNickNameViewController.swift in Sources */,
				DC416AEE2B9C40A6004230CF /* EditMemoViewController.swift in Sources */,
				DCFBBC952BB15FE100B58311 /* Book.swift in Sources */,
				DC0A99092BB4F0CD0052EED9 /* SettingViewController.swift in Sources */,
				DCAE6A252BB8C47F00E485AE /* EmptyItemMessageConstant.swift in Sources */,
				DC416ACB2B942AE9004230CF /* NetworkProvider.swift in Sources */,
				DC416AD22B942B4C004230CF /* BookAPIViewModel.swift in Sources */,
				DCAE6A232BB8B2E500E485AE /* NavigationTitleConstant.swift in Sources */,
				DCAE6A602BD7E6F700E485AE /* UserInfoDB.swift in Sources */,
				DCAE6A292BBD563000E485AE /* UserInfo.swift in Sources */,
				DCFBBC932BAFD6C500B58311 /* DateFormatManager.swift in Sources */,
				DCFBBCA32BB2157D00B58311 /* MemoTextViewConstant.swift in Sources */,
				DCAE6A682BD7F08900E485AE /* TabBarConstant.swift in Sources */,
				DCAE6A212BB8A1AB00E485AE /* CornerRadiusConstant.swift in Sources */,
				DC416AF22BA1A119004230CF /* Memo.swift in Sources */,
				DC0A990D2BB50E480052EED9 /* SettingItemConstant.swift in Sources */,
				DCAE6A5E2BD7E42C00E485AE /* UserInfoService.swift in Sources */,
				DCAE6A5B2BD7D94F00E485AE /* LoginInstructionConst.swift in Sources */,
				DCCA45BA2BB8804100782135 /* UIFont+Extension.swift in Sources */,
				DCFBBC7A2BA3431000B58311 /* LoginViewController.swift in Sources */,
				DCFBBC9B2BB1E59200B58311 /* MemoListViewModel.swift in Sources */,
				DC416AD52B945E85004230CF /* BookApi.swift in Sources */,
				DCFBBCAB2BB460B700B58311 /* MemoDeleteViewModel.swift in Sources */,
				DCFBBCA72BB370F800B58311 /* UserMemoListViewModel.swift in Sources */,
				DCFBBCA92BB4514000B58311 /* MemoDetailViewController.swift in Sources */,
			);
			runOnlyForDeploymentPostprocessing = 0;
		};
/* End PBXSourcesBuildPhase section */

/* Begin PBXVariantGroup section */
		DC416AB12B94299D004230CF /* LaunchScreen.storyboard */ = {
			isa = PBXVariantGroup;
			children = (
				DC416AB22B94299D004230CF /* Base */,
			);
			name = LaunchScreen.storyboard;
			sourceTree = "<group>";
		};
/* End PBXVariantGroup section */

/* Begin XCBuildConfiguration section */
		DC416AB52B94299D004230CF /* Debug */ = {
			isa = XCBuildConfiguration;
			buildSettings = {
				ALWAYS_SEARCH_USER_PATHS = NO;
				ASSETCATALOG_COMPILER_GENERATE_SWIFT_ASSET_SYMBOL_EXTENSIONS = YES;
				CLANG_ANALYZER_NONNULL = YES;
				CLANG_ANALYZER_NUMBER_OBJECT_CONVERSION = YES_AGGRESSIVE;
				CLANG_CXX_LANGUAGE_STANDARD = "gnu++20";
				CLANG_ENABLE_MODULES = YES;
				CLANG_ENABLE_OBJC_ARC = YES;
				CLANG_ENABLE_OBJC_WEAK = YES;
				CLANG_WARN_BLOCK_CAPTURE_AUTORELEASING = YES;
				CLANG_WARN_BOOL_CONVERSION = YES;
				CLANG_WARN_COMMA = YES;
				CLANG_WARN_CONSTANT_CONVERSION = YES;
				CLANG_WARN_DEPRECATED_OBJC_IMPLEMENTATIONS = YES;
				CLANG_WARN_DIRECT_OBJC_ISA_USAGE = YES_ERROR;
				CLANG_WARN_DOCUMENTATION_COMMENTS = YES;
				CLANG_WARN_EMPTY_BODY = YES;
				CLANG_WARN_ENUM_CONVERSION = YES;
				CLANG_WARN_INFINITE_RECURSION = YES;
				CLANG_WARN_INT_CONVERSION = YES;
				CLANG_WARN_NON_LITERAL_NULL_CONVERSION = YES;
				CLANG_WARN_OBJC_IMPLICIT_RETAIN_SELF = YES;
				CLANG_WARN_OBJC_LITERAL_CONVERSION = YES;
				CLANG_WARN_OBJC_ROOT_CLASS = YES_ERROR;
				CLANG_WARN_QUOTED_INCLUDE_IN_FRAMEWORK_HEADER = YES;
				CLANG_WARN_RANGE_LOOP_ANALYSIS = YES;
				CLANG_WARN_STRICT_PROTOTYPES = YES;
				CLANG_WARN_SUSPICIOUS_MOVE = YES;
				CLANG_WARN_UNGUARDED_AVAILABILITY = YES_AGGRESSIVE;
				CLANG_WARN_UNREACHABLE_CODE = YES;
				CLANG_WARN__DUPLICATE_METHOD_MATCH = YES;
				COPY_PHASE_STRIP = NO;
				DEBUG_INFORMATION_FORMAT = dwarf;
				ENABLE_STRICT_OBJC_MSGSEND = YES;
				ENABLE_TESTABILITY = YES;
				ENABLE_USER_SCRIPT_SANDBOXING = YES;
				GCC_C_LANGUAGE_STANDARD = gnu17;
				GCC_DYNAMIC_NO_PIC = NO;
				GCC_NO_COMMON_BLOCKS = YES;
				GCC_OPTIMIZATION_LEVEL = 0;
				GCC_PREPROCESSOR_DEFINITIONS = (
					"DEBUG=1",
					"$(inherited)",
				);
				GCC_WARN_64_TO_32_BIT_CONVERSION = YES;
				GCC_WARN_ABOUT_RETURN_TYPE = YES_ERROR;
				GCC_WARN_UNDECLARED_SELECTOR = YES;
				GCC_WARN_UNINITIALIZED_AUTOS = YES_AGGRESSIVE;
				GCC_WARN_UNUSED_FUNCTION = YES;
				GCC_WARN_UNUSED_VARIABLE = YES;
				IPHONEOS_DEPLOYMENT_TARGET = 15.0;
				LOCALIZATION_PREFERS_STRING_CATALOGS = YES;
				MTL_ENABLE_DEBUG_INFO = INCLUDE_SOURCE;
				MTL_FAST_MATH = YES;
				ONLY_ACTIVE_ARCH = YES;
				SDKROOT = iphoneos;
				SWIFT_ACTIVE_COMPILATION_CONDITIONS = "DEBUG $(inherited)";
				SWIFT_OPTIMIZATION_LEVEL = "-Onone";
			};
			name = Debug;
		};
		DC416AB62B94299D004230CF /* Release */ = {
			isa = XCBuildConfiguration;
			buildSettings = {
				ALWAYS_SEARCH_USER_PATHS = NO;
				ASSETCATALOG_COMPILER_GENERATE_SWIFT_ASSET_SYMBOL_EXTENSIONS = YES;
				CLANG_ANALYZER_NONNULL = YES;
				CLANG_ANALYZER_NUMBER_OBJECT_CONVERSION = YES_AGGRESSIVE;
				CLANG_CXX_LANGUAGE_STANDARD = "gnu++20";
				CLANG_ENABLE_MODULES = YES;
				CLANG_ENABLE_OBJC_ARC = YES;
				CLANG_ENABLE_OBJC_WEAK = YES;
				CLANG_WARN_BLOCK_CAPTURE_AUTORELEASING = YES;
				CLANG_WARN_BOOL_CONVERSION = YES;
				CLANG_WARN_COMMA = YES;
				CLANG_WARN_CONSTANT_CONVERSION = YES;
				CLANG_WARN_DEPRECATED_OBJC_IMPLEMENTATIONS = YES;
				CLANG_WARN_DIRECT_OBJC_ISA_USAGE = YES_ERROR;
				CLANG_WARN_DOCUMENTATION_COMMENTS = YES;
				CLANG_WARN_EMPTY_BODY = YES;
				CLANG_WARN_ENUM_CONVERSION = YES;
				CLANG_WARN_INFINITE_RECURSION = YES;
				CLANG_WARN_INT_CONVERSION = YES;
				CLANG_WARN_NON_LITERAL_NULL_CONVERSION = YES;
				CLANG_WARN_OBJC_IMPLICIT_RETAIN_SELF = YES;
				CLANG_WARN_OBJC_LITERAL_CONVERSION = YES;
				CLANG_WARN_OBJC_ROOT_CLASS = YES_ERROR;
				CLANG_WARN_QUOTED_INCLUDE_IN_FRAMEWORK_HEADER = YES;
				CLANG_WARN_RANGE_LOOP_ANALYSIS = YES;
				CLANG_WARN_STRICT_PROTOTYPES = YES;
				CLANG_WARN_SUSPICIOUS_MOVE = YES;
				CLANG_WARN_UNGUARDED_AVAILABILITY = YES_AGGRESSIVE;
				CLANG_WARN_UNREACHABLE_CODE = YES;
				CLANG_WARN__DUPLICATE_METHOD_MATCH = YES;
				COPY_PHASE_STRIP = NO;
				DEBUG_INFORMATION_FORMAT = "dwarf-with-dsym";
				ENABLE_NS_ASSERTIONS = NO;
				ENABLE_STRICT_OBJC_MSGSEND = YES;
				ENABLE_USER_SCRIPT_SANDBOXING = YES;
				GCC_C_LANGUAGE_STANDARD = gnu17;
				GCC_NO_COMMON_BLOCKS = YES;
				GCC_WARN_64_TO_32_BIT_CONVERSION = YES;
				GCC_WARN_ABOUT_RETURN_TYPE = YES_ERROR;
				GCC_WARN_UNDECLARED_SELECTOR = YES;
				GCC_WARN_UNINITIALIZED_AUTOS = YES_AGGRESSIVE;
				GCC_WARN_UNUSED_FUNCTION = YES;
				GCC_WARN_UNUSED_VARIABLE = YES;
				IPHONEOS_DEPLOYMENT_TARGET = 15.0;
				LOCALIZATION_PREFERS_STRING_CATALOGS = YES;
				MTL_ENABLE_DEBUG_INFO = NO;
				MTL_FAST_MATH = YES;
				SDKROOT = iphoneos;
				SWIFT_COMPILATION_MODE = wholemodule;
				VALIDATE_PRODUCT = YES;
			};
			name = Release;
		};
		DC416AB82B94299D004230CF /* Debug */ = {
			isa = XCBuildConfiguration;
			baseConfigurationReference = DC416AD32B942D5D004230CF /* Config.xcconfig */;
			buildSettings = {
				ASSETCATALOG_COMPILER_APPICON_NAME = AppIcon;
				ASSETCATALOG_COMPILER_GLOBAL_ACCENT_COLOR_NAME = AccentColor;
				ASSETCATALOG_COMPILER_INCLUDE_ALL_APPICON_ASSETS = YES;
				CODE_SIGN_STYLE = Automatic;
				CURRENT_PROJECT_VERSION = 1;
				DEVELOPMENT_TEAM = AC7A2PC3D6;
				GENERATE_INFOPLIST_FILE = YES;
				INFOPLIST_FILE = Boopee/Info.plist;
				INFOPLIST_KEY_UIApplicationSupportsIndirectInputEvents = YES;
				INFOPLIST_KEY_UILaunchStoryboardName = LaunchScreen.storyboard;
				INFOPLIST_KEY_UIStatusBarStyle = "";
				INFOPLIST_KEY_UISupportedInterfaceOrientations = UIInterfaceOrientationPortrait;
				INFOPLIST_KEY_UISupportedInterfaceOrientations_iPad = "UIInterfaceOrientationLandscapeLeft UIInterfaceOrientationLandscapeRight UIInterfaceOrientationPortrait UIInterfaceOrientationPortraitUpsideDown";
				IPHONEOS_DEPLOYMENT_TARGET = 15.0;
				LD_RUNPATH_SEARCH_PATHS = (
					"$(inherited)",
					"@executable_path/Frameworks",
				);
				MARKETING_VERSION = 1.0;
				PRODUCT_BUNDLE_IDENTIFIER = com.yunjikim.Boopee;
				PRODUCT_NAME = "$(TARGET_NAME)";
				SUPPORTED_PLATFORMS = "iphoneos iphonesimulator";
				SUPPORTS_MACCATALYST = NO;
				SUPPORTS_MAC_DESIGNED_FOR_IPHONE_IPAD = NO;
				SWIFT_EMIT_LOC_STRINGS = YES;
				SWIFT_VERSION = 5.0;
				TARGETED_DEVICE_FAMILY = 1;
			};
			name = Debug;
		};
		DC416AB92B94299D004230CF /* Release */ = {
			isa = XCBuildConfiguration;
			baseConfigurationReference = DC416AD32B942D5D004230CF /* Config.xcconfig */;
			buildSettings = {
				ASSETCATALOG_COMPILER_APPICON_NAME = AppIcon;
				ASSETCATALOG_COMPILER_GLOBAL_ACCENT_COLOR_NAME = AccentColor;
				ASSETCATALOG_COMPILER_INCLUDE_ALL_APPICON_ASSETS = YES;
				CODE_SIGN_STYLE = Automatic;
				CURRENT_PROJECT_VERSION = 1;
				DEVELOPMENT_TEAM = AC7A2PC3D6;
				GENERATE_INFOPLIST_FILE = YES;
				INFOPLIST_FILE = Boopee/Info.plist;
				INFOPLIST_KEY_UIApplicationSupportsIndirectInputEvents = YES;
				INFOPLIST_KEY_UILaunchStoryboardName = LaunchScreen.storyboard;
				INFOPLIST_KEY_UIStatusBarStyle = "";
				INFOPLIST_KEY_UISupportedInterfaceOrientations = UIInterfaceOrientationPortrait;
				INFOPLIST_KEY_UISupportedInterfaceOrientations_iPad = "UIInterfaceOrientationLandscapeLeft UIInterfaceOrientationLandscapeRight UIInterfaceOrientationPortrait UIInterfaceOrientationPortraitUpsideDown";
				IPHONEOS_DEPLOYMENT_TARGET = 15.0;
				LD_RUNPATH_SEARCH_PATHS = (
					"$(inherited)",
					"@executable_path/Frameworks",
				);
				MARKETING_VERSION = 1.0;
				PRODUCT_BUNDLE_IDENTIFIER = com.yunjikim.Boopee;
				PRODUCT_NAME = "$(TARGET_NAME)";
				SUPPORTED_PLATFORMS = "iphoneos iphonesimulator";
				SUPPORTS_MACCATALYST = NO;
				SUPPORTS_MAC_DESIGNED_FOR_IPHONE_IPAD = NO;
				SWIFT_EMIT_LOC_STRINGS = YES;
				SWIFT_VERSION = 5.0;
				TARGETED_DEVICE_FAMILY = 1;
			};
			name = Release;
		};
/* End XCBuildConfiguration section */

/* Begin XCConfigurationList section */
		DC416A9E2B94299B004230CF /* Build configuration list for PBXProject "Boopee" */ = {
			isa = XCConfigurationList;
			buildConfigurations = (
				DC416AB52B94299D004230CF /* Debug */,
				DC416AB62B94299D004230CF /* Release */,
			);
			defaultConfigurationIsVisible = 0;
			defaultConfigurationName = Release;
		};
		DC416AB72B94299D004230CF /* Build configuration list for PBXNativeTarget "Boopee" */ = {
			isa = XCConfigurationList;
			buildConfigurations = (
				DC416AB82B94299D004230CF /* Debug */,
				DC416AB92B94299D004230CF /* Release */,
			);
			defaultConfigurationIsVisible = 0;
			defaultConfigurationName = Release;
		};
/* End XCConfigurationList section */

/* Begin XCRemoteSwiftPackageReference section */
		DC416ABA2B9429C6004230CF /* XCRemoteSwiftPackageReference "Kingfisher" */ = {
			isa = XCRemoteSwiftPackageReference;
			repositoryURL = "https://github.com/onevcat/Kingfisher.git";
			requirement = {
				kind = upToNextMajorVersion;
				minimumVersion = 7.11.0;
			};
		};
		DC416ABD2B9429D2004230CF /* XCRemoteSwiftPackageReference "SnapKit" */ = {
			isa = XCRemoteSwiftPackageReference;
			repositoryURL = "https://github.com/SnapKit/SnapKit.git";
			requirement = {
				kind = upToNextMajorVersion;
				minimumVersion = 5.7.1;
			};
		};
		DC416AC02B942A3B004230CF /* XCRemoteSwiftPackageReference "RxSwift" */ = {
			isa = XCRemoteSwiftPackageReference;
			repositoryURL = "https://github.com/ReactiveX/RxSwift.git";
			requirement = {
				kind = upToNextMajorVersion;
				minimumVersion = 6.6.0;
			};
		};
		DC416AC32B942A74004230CF /* XCRemoteSwiftPackageReference "RxAlamofire" */ = {
			isa = XCRemoteSwiftPackageReference;
			repositoryURL = "https://github.com/RxSwiftCommunity/RxAlamofire.git";
			requirement = {
				kind = versionRange;
				maximumVersion = 7.0.0;
				minimumVersion = 5.0.0;
			};
		};
		DCFBBC692BA2030200B58311 /* XCRemoteSwiftPackageReference "firebase-ios-sdk" */ = {
			isa = XCRemoteSwiftPackageReference;
			repositoryURL = "https://github.com/firebase/firebase-ios-sdk";
			requirement = {
				kind = upToNextMajorVersion;
				minimumVersion = 10.22.1;
			};
		};
		DCFBBC6C2BA20E4700B58311 /* XCRemoteSwiftPackageReference "GoogleSignIn-iOS" */ = {
			isa = XCRemoteSwiftPackageReference;
			repositoryURL = "https://github.com/google/GoogleSignIn-iOS";
			requirement = {
				kind = upToNextMajorVersion;
				minimumVersion = 7.0.0;
			};
		};
/* End XCRemoteSwiftPackageReference section */

/* Begin XCSwiftPackageProductDependency section */
		DC416ABB2B9429C6004230CF /* Kingfisher */ = {
			isa = XCSwiftPackageProductDependency;
			package = DC416ABA2B9429C6004230CF /* XCRemoteSwiftPackageReference "Kingfisher" */;
			productName = Kingfisher;
		};
		DC416ABE2B9429D2004230CF /* SnapKit */ = {
			isa = XCSwiftPackageProductDependency;
			package = DC416ABD2B9429D2004230CF /* XCRemoteSwiftPackageReference "SnapKit" */;
			productName = SnapKit;
		};
		DC416AC12B942A3B004230CF /* RxSwift */ = {
			isa = XCSwiftPackageProductDependency;
			package = DC416AC02B942A3B004230CF /* XCRemoteSwiftPackageReference "RxSwift" */;
			productName = RxSwift;
		};
		DC416AC42B942A74004230CF /* RxAlamofire */ = {
			isa = XCSwiftPackageProductDependency;
			package = DC416AC32B942A74004230CF /* XCRemoteSwiftPackageReference "RxAlamofire" */;
			productName = RxAlamofire;
		};
		DCFBBC6A2BA2030200B58311 /* FirebaseAnalytics */ = {
			isa = XCSwiftPackageProductDependency;
			package = DCFBBC692BA2030200B58311 /* XCRemoteSwiftPackageReference "firebase-ios-sdk" */;
			productName = FirebaseAnalytics;
		};
		DCFBBC6D2BA20E4700B58311 /* GoogleSignIn */ = {
			isa = XCSwiftPackageProductDependency;
			package = DCFBBC6C2BA20E4700B58311 /* XCRemoteSwiftPackageReference "GoogleSignIn-iOS" */;
			productName = GoogleSignIn;
		};
		DCFBBC6F2BA20E4700B58311 /* GoogleSignInSwift */ = {
			isa = XCSwiftPackageProductDependency;
			package = DCFBBC6C2BA20E4700B58311 /* XCRemoteSwiftPackageReference "GoogleSignIn-iOS" */;
			productName = GoogleSignInSwift;
		};
		DCFBBC752BA2EB2600B58311 /* FirebaseAuth */ = {
			isa = XCSwiftPackageProductDependency;
			package = DCFBBC692BA2030200B58311 /* XCRemoteSwiftPackageReference "firebase-ios-sdk" */;
			productName = FirebaseAuth;
		};
		DCFBBC8D2BAF180000B58311 /* FirebaseFirestore */ = {
			isa = XCSwiftPackageProductDependency;
			package = DCFBBC692BA2030200B58311 /* XCRemoteSwiftPackageReference "firebase-ios-sdk" */;
			productName = FirebaseFirestore;
		};
		DCFBBC962BB1935C00B58311 /* FirebaseFirestoreSwift */ = {
			isa = XCSwiftPackageProductDependency;
			package = DCFBBC692BA2030200B58311 /* XCRemoteSwiftPackageReference "firebase-ios-sdk" */;
			productName = FirebaseFirestoreSwift;
		};
/* End XCSwiftPackageProductDependency section */
	};
	rootObject = DC416A9B2B94299B004230CF /* Project object */;
}
