// !$*UTF8*$!
{
	archiveVersion = 1;
	classes = {
	};
	objectVersion = 56;
	objects = {

/* Begin PBXBuildFile section */
		DC416AA72B94299B004230CF /* AppDelegate.swift in Sources */ = {isa = PBXBuildFile; fileRef = DC416AA62B94299B004230CF /* AppDelegate.swift */; };
		DC416AA92B94299B004230CF /* SceneDelegate.swift in Sources */ = {isa = PBXBuildFile; fileRef = DC416AA82B94299B004230CF /* SceneDelegate.swift */; };
		DC416AAB2B94299B004230CF /* HomeViewController.swift in Sources */ = {isa = PBXBuildFile; fileRef = DC416AAA2B94299B004230CF /* HomeViewController.swift */; };
		DC416AB02B94299D004230CF /* Assets.xcassets in Resources */ = {isa = PBXBuildFile; fileRef = DC416AAF2B94299D004230CF /* Assets.xcassets */; };
		DC416AB32B94299D004230CF /* LaunchScreen.storyboard in Resources */ = {isa = PBXBuildFile; fileRef = DC416AB12B94299D004230CF /* LaunchScreen.storyboard */; };
		DC416ABC2B9429C6004230CF /* Kingfisher in Frameworks */ = {isa = PBXBuildFile; productRef = DC416ABB2B9429C6004230CF /* Kingfisher */; };
		DC416ABF2B9429D2004230CF /* SnapKit in Frameworks */ = {isa = PBXBuildFile; productRef = DC416ABE2B9429D2004230CF /* SnapKit */; };
		DC416AC22B942A3B004230CF /* RxSwift in Frameworks */ = {isa = PBXBuildFile; productRef = DC416AC12B942A3B004230CF /* RxSwift */; };
		DC416AC52B942A74004230CF /* RxAlamofire in Frameworks */ = {isa = PBXBuildFile; productRef = DC416AC42B942A74004230CF /* RxAlamofire */; };
		DC416AC92B942ACE004230CF /* Network.swift in Sources */ = {isa = PBXBuildFile; fileRef = DC416AC82B942ACE004230CF /* Network.swift */; };
		DC416ACB2B942AE9004230CF /* NetworkProvider.swift in Sources */ = {isa = PBXBuildFile; fileRef = DC416ACA2B942AE9004230CF /* NetworkProvider.swift */; };
		DC416ACD2B942B02004230CF /* BookNetwork.swift in Sources */ = {isa = PBXBuildFile; fileRef = DC416ACC2B942B02004230CF /* BookNetwork.swift */; };
		DC416AD22B942B4C004230CF /* ViewModel.swift in Sources */ = {isa = PBXBuildFile; fileRef = DC416AD12B942B4C004230CF /* ViewModel.swift */; };
		DC416AD52B945E85004230CF /* BookApi.swift in Sources */ = {isa = PBXBuildFile; fileRef = DC416AD42B945E85004230CF /* BookApi.swift */; };
		DC416AD72B945F24004230CF /* TabBarController.swift in Sources */ = {isa = PBXBuildFile; fileRef = DC416AD62B945F24004230CF /* TabBarController.swift */; };
		DC416ADA2B948302004230CF /* SearchViewController.swift in Sources */ = {isa = PBXBuildFile; fileRef = DC416AD92B948302004230CF /* SearchViewController.swift */; };
		DC416ADC2B9483AE004230CF /* MyPageViewController.swift in Sources */ = {isa = PBXBuildFile; fileRef = DC416ADB2B9483AE004230CF /* MyPageViewController.swift */; };
		DC416AE12B96B100004230CF /* SearchResultCollectionViewCell.swift in Sources */ = {isa = PBXBuildFile; fileRef = DC416AE02B96B100004230CF /* SearchResultCollectionViewCell.swift */; };
		DC416AEE2B9C40A6004230CF /* CreateBookMemoViewController.swift in Sources */ = {isa = PBXBuildFile; fileRef = DC416AED2B9C40A6004230CF /* CreateBookMemoViewController.swift */; };
		DC416AF22BA1A119004230CF /* Memo.swift in Sources */ = {isa = PBXBuildFile; fileRef = DC416AF12BA1A119004230CF /* Memo.swift */; };
		DC416AF42BA1AC45004230CF /* MemoViewModel.swift in Sources */ = {isa = PBXBuildFile; fileRef = DC416AF32BA1AC45004230CF /* MemoViewModel.swift */; };
		DCFBBC592BA1E47500B58311 /* MemoStorageType.swift in Sources */ = {isa = PBXBuildFile; fileRef = DCFBBC582BA1E47500B58311 /* MemoStorageType.swift */; };
/* End PBXBuildFile section */

/* Begin PBXFileReference section */
		DC416AA32B94299B004230CF /* Boopee.app */ = {isa = PBXFileReference; explicitFileType = wrapper.application; includeInIndex = 0; path = Boopee.app; sourceTree = BUILT_PRODUCTS_DIR; };
		DC416AA62B94299B004230CF /* AppDelegate.swift */ = {isa = PBXFileReference; lastKnownFileType = sourcecode.swift; path = AppDelegate.swift; sourceTree = "<group>"; };
		DC416AA82B94299B004230CF /* SceneDelegate.swift */ = {isa = PBXFileReference; lastKnownFileType = sourcecode.swift; path = SceneDelegate.swift; sourceTree = "<group>"; };
		DC416AAA2B94299B004230CF /* HomeViewController.swift */ = {isa = PBXFileReference; lastKnownFileType = sourcecode.swift; path = HomeViewController.swift; sourceTree = "<group>"; };
		DC416AAF2B94299D004230CF /* Assets.xcassets */ = {isa = PBXFileReference; lastKnownFileType = folder.assetcatalog; path = Assets.xcassets; sourceTree = "<group>"; };
		DC416AB22B94299D004230CF /* Base */ = {isa = PBXFileReference; lastKnownFileType = file.storyboard; name = Base; path = Base.lproj/LaunchScreen.storyboard; sourceTree = "<group>"; };
		DC416AB42B94299D004230CF /* Info.plist */ = {isa = PBXFileReference; lastKnownFileType = text.plist.xml; path = Info.plist; sourceTree = "<group>"; };
		DC416AC82B942ACE004230CF /* Network.swift */ = {isa = PBXFileReference; lastKnownFileType = sourcecode.swift; path = Network.swift; sourceTree = "<group>"; };
		DC416ACA2B942AE9004230CF /* NetworkProvider.swift */ = {isa = PBXFileReference; lastKnownFileType = sourcecode.swift; path = NetworkProvider.swift; sourceTree = "<group>"; };
		DC416ACC2B942B02004230CF /* BookNetwork.swift */ = {isa = PBXFileReference; lastKnownFileType = sourcecode.swift; path = BookNetwork.swift; sourceTree = "<group>"; };
		DC416AD12B942B4C004230CF /* ViewModel.swift */ = {isa = PBXFileReference; lastKnownFileType = sourcecode.swift; path = ViewModel.swift; sourceTree = "<group>"; };
		DC416AD32B942D5D004230CF /* Config.xcconfig */ = {isa = PBXFileReference; lastKnownFileType = text.xcconfig; path = Config.xcconfig; sourceTree = "<group>"; };
		DC416AD42B945E85004230CF /* BookApi.swift */ = {isa = PBXFileReference; lastKnownFileType = sourcecode.swift; path = BookApi.swift; sourceTree = "<group>"; };
		DC416AD62B945F24004230CF /* TabBarController.swift */ = {isa = PBXFileReference; lastKnownFileType = sourcecode.swift; path = TabBarController.swift; sourceTree = "<group>"; };
		DC416AD92B948302004230CF /* SearchViewController.swift */ = {isa = PBXFileReference; lastKnownFileType = sourcecode.swift; path = SearchViewController.swift; sourceTree = "<group>"; };
		DC416ADB2B9483AE004230CF /* MyPageViewController.swift */ = {isa = PBXFileReference; lastKnownFileType = sourcecode.swift; path = MyPageViewController.swift; sourceTree = "<group>"; };
		DC416AE02B96B100004230CF /* SearchResultCollectionViewCell.swift */ = {isa = PBXFileReference; lastKnownFileType = sourcecode.swift; path = SearchResultCollectionViewCell.swift; sourceTree = "<group>"; };
		DC416AED2B9C40A6004230CF /* CreateBookMemoViewController.swift */ = {isa = PBXFileReference; lastKnownFileType = sourcecode.swift; path = CreateBookMemoViewController.swift; sourceTree = "<group>"; };
		DC416AF12BA1A119004230CF /* Memo.swift */ = {isa = PBXFileReference; lastKnownFileType = sourcecode.swift; path = Memo.swift; sourceTree = "<group>"; };
		DC416AF32BA1AC45004230CF /* MemoViewModel.swift */ = {isa = PBXFileReference; lastKnownFileType = sourcecode.swift; path = MemoViewModel.swift; sourceTree = "<group>"; };
		DCFBBC582BA1E47500B58311 /* MemoStorageType.swift */ = {isa = PBXFileReference; lastKnownFileType = sourcecode.swift; path = MemoStorageType.swift; sourceTree = "<group>"; };
/* End PBXFileReference section */

/* Begin PBXFrameworksBuildPhase section */
		DC416AA02B94299B004230CF /* Frameworks */ = {
			isa = PBXFrameworksBuildPhase;
			buildActionMask = 2147483647;
			files = (
				DC416AC22B942A3B004230CF /* RxSwift in Frameworks */,
				DC416AC52B942A74004230CF /* RxAlamofire in Frameworks */,
				DC416ABC2B9429C6004230CF /* Kingfisher in Frameworks */,
				DC416ABF2B9429D2004230CF /* SnapKit in Frameworks */,
			);
			runOnlyForDeploymentPostprocessing = 0;
		};
/* End PBXFrameworksBuildPhase section */

/* Begin PBXGroup section */
		DC416A9A2B94299B004230CF = {
			isa = PBXGroup;
			children = (
				DC416AA52B94299B004230CF /* Boopee */,
				DC416AA42B94299B004230CF /* Products */,
				DC416AE62B99C129004230CF /* Frameworks */,
			);
			sourceTree = "<group>";
		};
		DC416AA42B94299B004230CF /* Products */ = {
			isa = PBXGroup;
			children = (
				DC416AA32B94299B004230CF /* Boopee.app */,
			);
			name = Products;
			sourceTree = "<group>";
		};
		DC416AA52B94299B004230CF /* Boopee */ = {
			isa = PBXGroup;
			children = (
				DC416ADD2B96B07C004230CF /* ViewController */,
				DC416ADE2B96B089004230CF /* ViewModel */,
				DC416ACE2B942B11004230CF /* Model */,
				DCFBBC572BA1D9F700B58311 /* Service */,
				DC416AC72B942AC1004230CF /* Network */,
				DC416AD82B9482A0004230CF /* App */,
				DC416AAF2B94299D004230CF /* Assets.xcassets */,
				DC416AB12B94299D004230CF /* LaunchScreen.storyboard */,
				DC416AD32B942D5D004230CF /* Config.xcconfig */,
				DC416AB42B94299D004230CF /* Info.plist */,
			);
			path = Boopee;
			sourceTree = "<group>";
		};
		DC416AC72B942AC1004230CF /* Network */ = {
			isa = PBXGroup;
			children = (
				DC416AC82B942ACE004230CF /* Network.swift */,
				DC416ACA2B942AE9004230CF /* NetworkProvider.swift */,
				DC416ACC2B942B02004230CF /* BookNetwork.swift */,
			);
			path = Network;
			sourceTree = "<group>";
		};
		DC416ACE2B942B11004230CF /* Model */ = {
			isa = PBXGroup;
			children = (
				DC416AD42B945E85004230CF /* BookApi.swift */,
				DC416AF12BA1A119004230CF /* Memo.swift */,
			);
			path = Model;
			sourceTree = "<group>";
		};
		DC416AD82B9482A0004230CF /* App */ = {
			isa = PBXGroup;
			children = (
				DC416AA62B94299B004230CF /* AppDelegate.swift */,
				DC416AA82B94299B004230CF /* SceneDelegate.swift */,
			);
			path = App;
			sourceTree = "<group>";
		};
		DC416ADD2B96B07C004230CF /* ViewController */ = {
			isa = PBXGroup;
			children = (
				DC416AAA2B94299B004230CF /* HomeViewController.swift */,
				DC416AD92B948302004230CF /* SearchViewController.swift */,
				DC416AED2B9C40A6004230CF /* CreateBookMemoViewController.swift */,
				DC416ADB2B9483AE004230CF /* MyPageViewController.swift */,
				DC416AD62B945F24004230CF /* TabBarController.swift */,
				DC416ADF2B96B0A0004230CF /* Cell */,
			);
			path = ViewController;
			sourceTree = "<group>";
		};
		DC416ADE2B96B089004230CF /* ViewModel */ = {
			isa = PBXGroup;
			children = (
				DC416AD12B942B4C004230CF /* ViewModel.swift */,
				DC416AF32BA1AC45004230CF /* MemoViewModel.swift */,
			);
			path = ViewModel;
			sourceTree = "<group>";
		};
		DC416ADF2B96B0A0004230CF /* Cell */ = {
			isa = PBXGroup;
			children = (
				DC416AE02B96B100004230CF /* SearchResultCollectionViewCell.swift */,
			);
			path = Cell;
			sourceTree = "<group>";
		};
		DC416AE62B99C129004230CF /* Frameworks */ = {
			isa = PBXGroup;
			children = (
			);
			name = Frameworks;
			sourceTree = "<group>";
		};
		DCFBBC572BA1D9F700B58311 /* Service */ = {
			isa = PBXGroup;
			children = (
				DCFBBC582BA1E47500B58311 /* MemoStorageType.swift */,
			);
			path = Service;
			sourceTree = "<group>";
		};
/* End PBXGroup section */

/* Begin PBXNativeTarget section */
		DC416AA22B94299B004230CF /* Boopee */ = {
			isa = PBXNativeTarget;
			buildConfigurationList = DC416AB72B94299D004230CF /* Build configuration list for PBXNativeTarget "Boopee" */;
			buildPhases = (
				DC416A9F2B94299B004230CF /* Sources */,
				DC416AA02B94299B004230CF /* Frameworks */,
				DC416AA12B94299B004230CF /* Resources */,
			);
			buildRules = (
			);
			dependencies = (
			);
			name = Boopee;
			packageProductDependencies = (
				DC416ABB2B9429C6004230CF /* Kingfisher */,
				DC416ABE2B9429D2004230CF /* SnapKit */,
				DC416AC12B942A3B004230CF /* RxSwift */,
				DC416AC42B942A74004230CF /* RxAlamofire */,
			);
			productName = Boopee;
			productReference = DC416AA32B94299B004230CF /* Boopee.app */;
			productType = "com.apple.product-type.application";
		};
/* End PBXNativeTarget section */

/* Begin PBXProject section */
		DC416A9B2B94299B004230CF /* Project object */ = {
			isa = PBXProject;
			attributes = {
				BuildIndependentTargetsInParallel = 1;
				LastSwiftUpdateCheck = 1500;
				LastUpgradeCheck = 1500;
				TargetAttributes = {
					DC416AA22B94299B004230CF = {
						CreatedOnToolsVersion = 15.0;
					};
				};
			};
			buildConfigurationList = DC416A9E2B94299B004230CF /* Build configuration list for PBXProject "Boopee" */;
			compatibilityVersion = "Xcode 14.0";
			developmentRegion = en;
			hasScannedForEncodings = 0;
			knownRegions = (
				en,
				Base,
			);
			mainGroup = DC416A9A2B94299B004230CF;
			packageReferences = (
				DC416ABA2B9429C6004230CF /* XCRemoteSwiftPackageReference "Kingfisher" */,
				DC416ABD2B9429D2004230CF /* XCRemoteSwiftPackageReference "SnapKit" */,
				DC416AC02B942A3B004230CF /* XCRemoteSwiftPackageReference "RxSwift" */,
				DC416AC32B942A74004230CF /* XCRemoteSwiftPackageReference "RxAlamofire" */,
			);
			productRefGroup = DC416AA42B94299B004230CF /* Products */;
			projectDirPath = "";
			projectRoot = "";
			targets = (
				DC416AA22B94299B004230CF /* Boopee */,
			);
		};
/* End PBXProject section */

/* Begin PBXResourcesBuildPhase section */
		DC416AA12B94299B004230CF /* Resources */ = {
			isa = PBXResourcesBuildPhase;
			buildActionMask = 2147483647;
			files = (
				DC416AB32B94299D004230CF /* LaunchScreen.storyboard in Resources */,
				DC416AB02B94299D004230CF /* Assets.xcassets in Resources */,
			);
			runOnlyForDeploymentPostprocessing = 0;
		};
/* End PBXResourcesBuildPhase section */

/* Begin PBXSourcesBuildPhase section */
		DC416A9F2B94299B004230CF /* Sources */ = {
			isa = PBXSourcesBuildPhase;
			buildActionMask = 2147483647;
			files = (
				DC416ADA2B948302004230CF /* SearchViewController.swift in Sources */,
				DC416AAB2B94299B004230CF /* HomeViewController.swift in Sources */,
				DC416AA72B94299B004230CF /* AppDelegate.swift in Sources */,
				DC416AC92B942ACE004230CF /* Network.swift in Sources */,
				DC416AD72B945F24004230CF /* TabBarController.swift in Sources */,
				DCFBBC592BA1E47500B58311 /* MemoStorageType.swift in Sources */,
				DC416AA92B94299B004230CF /* SceneDelegate.swift in Sources */,
				DC416ADC2B9483AE004230CF /* MyPageViewController.swift in Sources */,
				DC416AE12B96B100004230CF /* SearchResultCollectionViewCell.swift in Sources */,
				DC416AEE2B9C40A6004230CF /* CreateBookMemoViewController.swift in Sources */,
				DC416ACB2B942AE9004230CF /* NetworkProvider.swift in Sources */,
				DC416AD22B942B4C004230CF /* ViewModel.swift in Sources */,
				DC416AF22BA1A119004230CF /* Memo.swift in Sources */,
				DC416AF42BA1AC45004230CF /* MemoViewModel.swift in Sources */,
				DC416ACD2B942B02004230CF /* BookNetwork.swift in Sources */,
				DC416AD52B945E85004230CF /* BookApi.swift in Sources */,
			);
			runOnlyForDeploymentPostprocessing = 0;
		};
/* End PBXSourcesBuildPhase section */

/* Begin PBXVariantGroup section */
		DC416AB12B94299D004230CF /* LaunchScreen.storyboard */ = {
			isa = PBXVariantGroup;
			children = (
				DC416AB22B94299D004230CF /* Base */,
			);
			name = LaunchScreen.storyboard;
			sourceTree = "<group>";
		};
/* End PBXVariantGroup section */

/* Begin XCBuildConfiguration section */
		DC416AB52B94299D004230CF /* Debug */ = {
			isa = XCBuildConfiguration;
			buildSettings = {
				ALWAYS_SEARCH_USER_PATHS = NO;
				ASSETCATALOG_COMPILER_GENERATE_SWIFT_ASSET_SYMBOL_EXTENSIONS = YES;
				CLANG_ANALYZER_NONNULL = YES;
				CLANG_ANALYZER_NUMBER_OBJECT_CONVERSION = YES_AGGRESSIVE;
				CLANG_CXX_LANGUAGE_STANDARD = "gnu++20";
				CLANG_ENABLE_MODULES = YES;
				CLANG_ENABLE_OBJC_ARC = YES;
				CLANG_ENABLE_OBJC_WEAK = YES;
				CLANG_WARN_BLOCK_CAPTURE_AUTORELEASING = YES;
				CLANG_WARN_BOOL_CONVERSION = YES;
				CLANG_WARN_COMMA = YES;
				CLANG_WARN_CONSTANT_CONVERSION = YES;
				CLANG_WARN_DEPRECATED_OBJC_IMPLEMENTATIONS = YES;
				CLANG_WARN_DIRECT_OBJC_ISA_USAGE = YES_ERROR;
				CLANG_WARN_DOCUMENTATION_COMMENTS = YES;
				CLANG_WARN_EMPTY_BODY = YES;
				CLANG_WARN_ENUM_CONVERSION = YES;
				CLANG_WARN_INFINITE_RECURSION = YES;
				CLANG_WARN_INT_CONVERSION = YES;
				CLANG_WARN_NON_LITERAL_NULL_CONVERSION = YES;
				CLANG_WARN_OBJC_IMPLICIT_RETAIN_SELF = YES;
				CLANG_WARN_OBJC_LITERAL_CONVERSION = YES;
				CLANG_WARN_OBJC_ROOT_CLASS = YES_ERROR;
				CLANG_WARN_QUOTED_INCLUDE_IN_FRAMEWORK_HEADER = YES;
				CLANG_WARN_RANGE_LOOP_ANALYSIS = YES;
				CLANG_WARN_STRICT_PROTOTYPES = YES;
				CLANG_WARN_SUSPICIOUS_MOVE = YES;
				CLANG_WARN_UNGUARDED_AVAILABILITY = YES_AGGRESSIVE;
				CLANG_WARN_UNREACHABLE_CODE = YES;
				CLANG_WARN__DUPLICATE_METHOD_MATCH = YES;
				COPY_PHASE_STRIP = NO;
				DEBUG_INFORMATION_FORMAT = dwarf;
				ENABLE_STRICT_OBJC_MSGSEND = YES;
				ENABLE_TESTABILITY = YES;
				ENABLE_USER_SCRIPT_SANDBOXING = YES;
				GCC_C_LANGUAGE_STANDARD = gnu17;
				GCC_DYNAMIC_NO_PIC = NO;
				GCC_NO_COMMON_BLOCKS = YES;
				GCC_OPTIMIZATION_LEVEL = 0;
				GCC_PREPROCESSOR_DEFINITIONS = (
					"DEBUG=1",
					"$(inherited)",
				);
				GCC_WARN_64_TO_32_BIT_CONVERSION = YES;
				GCC_WARN_ABOUT_RETURN_TYPE = YES_ERROR;
				GCC_WARN_UNDECLARED_SELECTOR = YES;
				GCC_WARN_UNINITIALIZED_AUTOS = YES_AGGRESSIVE;
				GCC_WARN_UNUSED_FUNCTION = YES;
				GCC_WARN_UNUSED_VARIABLE = YES;
				IPHONEOS_DEPLOYMENT_TARGET = 15.0;
				LOCALIZATION_PREFERS_STRING_CATALOGS = YES;
				MTL_ENABLE_DEBUG_INFO = INCLUDE_SOURCE;
				MTL_FAST_MATH = YES;
				ONLY_ACTIVE_ARCH = YES;
				SDKROOT = iphoneos;
				SWIFT_ACTIVE_COMPILATION_CONDITIONS = "DEBUG $(inherited)";
				SWIFT_OPTIMIZATION_LEVEL = "-Onone";
			};
			name = Debug;
		};
		DC416AB62B94299D004230CF /* Release */ = {
			isa = XCBuildConfiguration;
			buildSettings = {
				ALWAYS_SEARCH_USER_PATHS = NO;
				ASSETCATALOG_COMPILER_GENERATE_SWIFT_ASSET_SYMBOL_EXTENSIONS = YES;
				CLANG_ANALYZER_NONNULL = YES;
				CLANG_ANALYZER_NUMBER_OBJECT_CONVERSION = YES_AGGRESSIVE;
				CLANG_CXX_LANGUAGE_STANDARD = "gnu++20";
				CLANG_ENABLE_MODULES = YES;
				CLANG_ENABLE_OBJC_ARC = YES;
				CLANG_ENABLE_OBJC_WEAK = YES;
				CLANG_WARN_BLOCK_CAPTURE_AUTORELEASING = YES;
				CLANG_WARN_BOOL_CONVERSION = YES;
				CLANG_WARN_COMMA = YES;
				CLANG_WARN_CONSTANT_CONVERSION = YES;
				CLANG_WARN_DEPRECATED_OBJC_IMPLEMENTATIONS = YES;
				CLANG_WARN_DIRECT_OBJC_ISA_USAGE = YES_ERROR;
				CLANG_WARN_DOCUMENTATION_COMMENTS = YES;
				CLANG_WARN_EMPTY_BODY = YES;
				CLANG_WARN_ENUM_CONVERSION = YES;
				CLANG_WARN_INFINITE_RECURSION = YES;
				CLANG_WARN_INT_CONVERSION = YES;
				CLANG_WARN_NON_LITERAL_NULL_CONVERSION = YES;
				CLANG_WARN_OBJC_IMPLICIT_RETAIN_SELF = YES;
				CLANG_WARN_OBJC_LITERAL_CONVERSION = YES;
				CLANG_WARN_OBJC_ROOT_CLASS = YES_ERROR;
				CLANG_WARN_QUOTED_INCLUDE_IN_FRAMEWORK_HEADER = YES;
				CLANG_WARN_RANGE_LOOP_ANALYSIS = YES;
				CLANG_WARN_STRICT_PROTOTYPES = YES;
				CLANG_WARN_SUSPICIOUS_MOVE = YES;
				CLANG_WARN_UNGUARDED_AVAILABILITY = YES_AGGRESSIVE;
				CLANG_WARN_UNREACHABLE_CODE = YES;
				CLANG_WARN__DUPLICATE_METHOD_MATCH = YES;
				COPY_PHASE_STRIP = NO;
				DEBUG_INFORMATION_FORMAT = "dwarf-with-dsym";
				ENABLE_NS_ASSERTIONS = NO;
				ENABLE_STRICT_OBJC_MSGSEND = YES;
				ENABLE_USER_SCRIPT_SANDBOXING = YES;
				GCC_C_LANGUAGE_STANDARD = gnu17;
				GCC_NO_COMMON_BLOCKS = YES;
				GCC_WARN_64_TO_32_BIT_CONVERSION = YES;
				GCC_WARN_ABOUT_RETURN_TYPE = YES_ERROR;
				GCC_WARN_UNDECLARED_SELECTOR = YES;
				GCC_WARN_UNINITIALIZED_AUTOS = YES_AGGRESSIVE;
				GCC_WARN_UNUSED_FUNCTION = YES;
				GCC_WARN_UNUSED_VARIABLE = YES;
				IPHONEOS_DEPLOYMENT_TARGET = 15.0;
				LOCALIZATION_PREFERS_STRING_CATALOGS = YES;
				MTL_ENABLE_DEBUG_INFO = NO;
				MTL_FAST_MATH = YES;
				SDKROOT = iphoneos;
				SWIFT_COMPILATION_MODE = wholemodule;
				VALIDATE_PRODUCT = YES;
			};
			name = Release;
		};
		DC416AB82B94299D004230CF /* Debug */ = {
			isa = XCBuildConfiguration;
			baseConfigurationReference = DC416AD32B942D5D004230CF /* Config.xcconfig */;
			buildSettings = {
				ASSETCATALOG_COMPILER_APPICON_NAME = AppIcon;
				ASSETCATALOG_COMPILER_GLOBAL_ACCENT_COLOR_NAME = AccentColor;
				CODE_SIGN_STYLE = Automatic;
				CURRENT_PROJECT_VERSION = 1;
				GENERATE_INFOPLIST_FILE = YES;
				INFOPLIST_FILE = Boopee/Info.plist;
				INFOPLIST_KEY_UIApplicationSupportsIndirectInputEvents = YES;
				INFOPLIST_KEY_UILaunchStoryboardName = LaunchScreen;
				INFOPLIST_KEY_UIStatusBarStyle = "";
				INFOPLIST_KEY_UISupportedInterfaceOrientations = UIInterfaceOrientationPortrait;
				INFOPLIST_KEY_UISupportedInterfaceOrientations_iPad = "UIInterfaceOrientationLandscapeLeft UIInterfaceOrientationLandscapeRight UIInterfaceOrientationPortrait UIInterfaceOrientationPortraitUpsideDown";
				IPHONEOS_DEPLOYMENT_TARGET = 15.0;
				LD_RUNPATH_SEARCH_PATHS = (
					"$(inherited)",
					"@executable_path/Frameworks",
				);
				MARKETING_VERSION = 1.0;
				PRODUCT_BUNDLE_IDENTIFIER = com.yunjikim.Boopee;
				PRODUCT_NAME = "$(TARGET_NAME)";
				SUPPORTED_PLATFORMS = "iphoneos iphonesimulator";
				SUPPORTS_MACCATALYST = NO;
				SUPPORTS_MAC_DESIGNED_FOR_IPHONE_IPAD = NO;
				SWIFT_EMIT_LOC_STRINGS = YES;
				SWIFT_VERSION = 5.0;
				TARGETED_DEVICE_FAMILY = 1;
			};
			name = Debug;
		};
		DC416AB92B94299D004230CF /* Release */ = {
			isa = XCBuildConfiguration;
			baseConfigurationReference = DC416AD32B942D5D004230CF /* Config.xcconfig */;
			buildSettings = {
				ASSETCATALOG_COMPILER_APPICON_NAME = AppIcon;
				ASSETCATALOG_COMPILER_GLOBAL_ACCENT_COLOR_NAME = AccentColor;
				CODE_SIGN_STYLE = Automatic;
				CURRENT_PROJECT_VERSION = 1;
				GENERATE_INFOPLIST_FILE = YES;
				INFOPLIST_FILE = Boopee/Info.plist;
				INFOPLIST_KEY_UIApplicationSupportsIndirectInputEvents = YES;
				INFOPLIST_KEY_UILaunchStoryboardName = LaunchScreen;
				INFOPLIST_KEY_UIStatusBarStyle = "";
				INFOPLIST_KEY_UISupportedInterfaceOrientations = UIInterfaceOrientationPortrait;
				INFOPLIST_KEY_UISupportedInterfaceOrientations_iPad = "UIInterfaceOrientationLandscapeLeft UIInterfaceOrientationLandscapeRight UIInterfaceOrientationPortrait UIInterfaceOrientationPortraitUpsideDown";
				IPHONEOS_DEPLOYMENT_TARGET = 15.0;
				LD_RUNPATH_SEARCH_PATHS = (
					"$(inherited)",
					"@executable_path/Frameworks",
				);
				MARKETING_VERSION = 1.0;
				PRODUCT_BUNDLE_IDENTIFIER = com.yunjikim.Boopee;
				PRODUCT_NAME = "$(TARGET_NAME)";
				SUPPORTED_PLATFORMS = "iphoneos iphonesimulator";
				SUPPORTS_MACCATALYST = NO;
				SUPPORTS_MAC_DESIGNED_FOR_IPHONE_IPAD = NO;
				SWIFT_EMIT_LOC_STRINGS = YES;
				SWIFT_VERSION = 5.0;
				TARGETED_DEVICE_FAMILY = 1;
			};
			name = Release;
		};
/* End XCBuildConfiguration section */

/* Begin XCConfigurationList section */
		DC416A9E2B94299B004230CF /* Build configuration list for PBXProject "Boopee" */ = {
			isa = XCConfigurationList;
			buildConfigurations = (
				DC416AB52B94299D004230CF /* Debug */,
				DC416AB62B94299D004230CF /* Release */,
			);
			defaultConfigurationIsVisible = 0;
			defaultConfigurationName = Release;
		};
		DC416AB72B94299D004230CF /* Build configuration list for PBXNativeTarget "Boopee" */ = {
			isa = XCConfigurationList;
			buildConfigurations = (
				DC416AB82B94299D004230CF /* Debug */,
				DC416AB92B94299D004230CF /* Release */,
			);
			defaultConfigurationIsVisible = 0;
			defaultConfigurationName = Release;
		};
/* End XCConfigurationList section */

/* Begin XCRemoteSwiftPackageReference section */
		DC416ABA2B9429C6004230CF /* XCRemoteSwiftPackageReference "Kingfisher" */ = {
			isa = XCRemoteSwiftPackageReference;
			repositoryURL = "https://github.com/onevcat/Kingfisher.git";
			requirement = {
				kind = upToNextMajorVersion;
				minimumVersion = 7.11.0;
			};
		};
		DC416ABD2B9429D2004230CF /* XCRemoteSwiftPackageReference "SnapKit" */ = {
			isa = XCRemoteSwiftPackageReference;
			repositoryURL = "https://github.com/SnapKit/SnapKit.git";
			requirement = {
				kind = upToNextMajorVersion;
				minimumVersion = 5.7.1;
			};
		};
		DC416AC02B942A3B004230CF /* XCRemoteSwiftPackageReference "RxSwift" */ = {
			isa = XCRemoteSwiftPackageReference;
			repositoryURL = "https://github.com/ReactiveX/RxSwift.git";
			requirement = {
				kind = upToNextMajorVersion;
				minimumVersion = 6.6.0;
			};
		};
		DC416AC32B942A74004230CF /* XCRemoteSwiftPackageReference "RxAlamofire" */ = {
			isa = XCRemoteSwiftPackageReference;
			repositoryURL = "https://github.com/RxSwiftCommunity/RxAlamofire.git";
			requirement = {
				kind = versionRange;
				maximumVersion = 7.0.0;
				minimumVersion = 5.0.0;
			};
		};
/* End XCRemoteSwiftPackageReference section */

/* Begin XCSwiftPackageProductDependency section */
		DC416ABB2B9429C6004230CF /* Kingfisher */ = {
			isa = XCSwiftPackageProductDependency;
			package = DC416ABA2B9429C6004230CF /* XCRemoteSwiftPackageReference "Kingfisher" */;
			productName = Kingfisher;
		};
		DC416ABE2B9429D2004230CF /* SnapKit */ = {
			isa = XCSwiftPackageProductDependency;
			package = DC416ABD2B9429D2004230CF /* XCRemoteSwiftPackageReference "SnapKit" */;
			productName = SnapKit;
		};
		DC416AC12B942A3B004230CF /* RxSwift */ = {
			isa = XCSwiftPackageProductDependency;
			package = DC416AC02B942A3B004230CF /* XCRemoteSwiftPackageReference "RxSwift" */;
			productName = RxSwift;
		};
		DC416AC42B942A74004230CF /* RxAlamofire */ = {
			isa = XCSwiftPackageProductDependency;
			package = DC416AC32B942A74004230CF /* XCRemoteSwiftPackageReference "RxAlamofire" */;
			productName = RxAlamofire;
		};
/* End XCSwiftPackageProductDependency section */
	};
	rootObject = DC416A9B2B94299B004230CF /* Project object */;
}
